
Microsoft Visual Studio Solution File, Format Version 12.00
# Visual Studio Version 16
VisualStudioVersion = 16.0.31624.102
MinimumVisualStudioVersion = 10.0.40219.1
Project("{FAE04EC0-301F-11D3-BF4B-00C04F79EFBC}") = "CommandLineDemo", "CommandLineDemo\CommandLineDemo.csproj", "{AFAA0529-ED5A-479B-8876-04A389038546}"
EndProject
Global
	GlobalSection(SolutionConfigurationPlatforms) = preSolution
		Debug|Any CPU = Debug|Any CPU
		Release|Any CPU = Release|Any CPU
	EndGlobalSection
	GlobalSection(ProjectConfigurationPlatforms) = postSolution
		{AFAA0529-ED5A-479B-8876-04A389038546}.Debug|Any CPU.ActiveCfg = Debug|Any CPU
		{AFAA0529-ED5A-479B-8876-04A389038546}.Debug|Any CPU.Build.0 = Debug|Any CPU
		{AFAA0529-ED5A-479B-8876-04A389038546}.Release|Any CPU.ActiveCfg = Release|Any CPU
		{AFAA0529-ED5A-479B-8876-04A389038546}.Release|Any CPU.Build.0 = Release|Any CPU
	EndGlobalSection
	GlobalSection(SolutionProperties) = preSolution
		HideSolutionNode = FALSE
	EndGlobalSection
	GlobalSection(ExtensibilityGlobals) = postSolution
		SolutionGuid = {838B0D0F-D104-4ECC-90DA-6833018E5D6C}
	EndGlobalSection
EndGlobal
